
Microsoft Visual Studio Solution File, Format Version 12.00
# Visual Studio 15
VisualStudioVersion = 15.0.28010.2050
MinimumVisualStudioVersion = 10.0.40219.1
Project("{FAE04EC0-301F-11D3-BF4B-00C04F79EFBC}") = "MarkovChainSentenceGenerator", "MarkovChainSentenceGenerator\MarkovChainSentenceGenerator.csproj", "{AFDAA621-0826-4012-B07F-0C1387E58449}"
EndProject
Project("{FAE04EC0-301F-11D3-BF4B-00C04F79EFBC}") = "ToDoApplication", "ToDoApplication\ToDoApplication.csproj", "{33A6D94B-0D16-4A74-B8B0-52497BC25637}"
EndProject
Project("{FAE04EC0-301F-11D3-BF4B-00C04F79EFBC}") = "MarkovChainSentenceGeneratorTests", "MarkovChainSentenceGeneratorTests\MarkovChainSentenceGeneratorTests.csproj", "{168729C8-421B-43EB-94AF-5839C6166C96}"
EndProject
Global
	GlobalSection(SolutionConfigurationPlatforms) = preSolution
		Debug|Any CPU = Debug|Any CPU
		Release|Any CPU = Release|Any CPU
	EndGlobalSection
	GlobalSection(ProjectConfigurationPlatforms) = postSolution
		{AFDAA621-0826-4012-B07F-0C1387E58449}.Debug|Any CPU.ActiveCfg = Debug|Any CPU
		{AFDAA621-0826-4012-B07F-0C1387E58449}.Debug|Any CPU.Build.0 = Debug|Any CPU
		{AFDAA621-0826-4012-B07F-0C1387E58449}.Release|Any CPU.ActiveCfg = Release|Any CPU
		{AFDAA621-0826-4012-B07F-0C1387E58449}.Release|Any CPU.Build.0 = Release|Any CPU
		{33A6D94B-0D16-4A74-B8B0-52497BC25637}.Debug|Any CPU.ActiveCfg = Debug|Any CPU
		{33A6D94B-0D16-4A74-B8B0-52497BC25637}.Debug|Any CPU.Build.0 = Debug|Any CPU
		{33A6D94B-0D16-4A74-B8B0-52497BC25637}.Release|Any CPU.ActiveCfg = Release|Any CPU
		{33A6D94B-0D16-4A74-B8B0-52497BC25637}.Release|Any CPU.Build.0 = Release|Any CPU
		{168729C8-421B-43EB-94AF-5839C6166C96}.Debug|Any CPU.ActiveCfg = Debug|Any CPU
		{168729C8-421B-43EB-94AF-5839C6166C96}.Debug|Any CPU.Build.0 = Debug|Any CPU
		{168729C8-421B-43EB-94AF-5839C6166C96}.Release|Any CPU.ActiveCfg = Release|Any CPU
		{168729C8-421B-43EB-94AF-5839C6166C96}.Release|Any CPU.Build.0 = Release|Any CPU
	EndGlobalSection
	GlobalSection(SolutionProperties) = preSolution
		HideSolutionNode = FALSE
	EndGlobalSection
	GlobalSection(ExtensibilityGlobals) = postSolution
		SolutionGuid = {47C7481E-0FFE-4827-A08E-EAD1E6478166}
	EndGlobalSection
EndGlobal
